// !$*UTF8*$!
{
	archiveVersion = 1;
	classes = {
	};
	objectVersion = 48;
	objects = {

/* Begin PBXBuildFile section */
		386B31AB202B31E900A02F5C /* AppDelegate.swift in Sources */ = {isa = PBXBuildFile; fileRef = 386B31AA202B31E900A02F5C /* AppDelegate.swift */; };
		386B31AD202B31E900A02F5C /* ViewController.swift in Sources */ = {isa = PBXBuildFile; fileRef = 386B31AC202B31E900A02F5C /* ViewController.swift */; };
		386B31B0202B31E900A02F5C /* Main.storyboard in Resources */ = {isa = PBXBuildFile; fileRef = 386B31AE202B31E900A02F5C /* Main.storyboard */; settings = {ASSET_TAGS = (taskCell, ); }; };
		386B31B2202B31E900A02F5C /* Assets.xcassets in Resources */ = {isa = PBXBuildFile; fileRef = 386B31B1202B31E900A02F5C /* Assets.xcassets */; };
		386B31B5202B31E900A02F5C /* LaunchScreen.storyboard in Resources */ = {isa = PBXBuildFile; fileRef = 386B31B3202B31E900A02F5C /* LaunchScreen.storyboard */; };
		386B31BD202B56A200A02F5C /* TableViewController.swift in Sources */ = {isa = PBXBuildFile; fileRef = 386B31BC202B56A200A02F5C /* TableViewController.swift */; };
		386B31BF202B574D00A02F5C /* TaskTableViewCell.swift in Sources */ = {isa = PBXBuildFile; fileRef = 386B31BE202B574D00A02F5C /* TaskTableViewCell.swift */; };
		386B31C3202B84A500A02F5C /* DataModel.swift in Sources */ = {isa = PBXBuildFile; fileRef = 386B31C2202B84A500A02F5C /* DataModel.swift */; };
		386B31C5202B855F00A02F5C /* TaskRegister.swift in Sources */ = {isa = PBXBuildFile; fileRef = 386B31C4202B855F00A02F5C /* TaskRegister.swift */; };
		386B31C7202B87EB00A02F5C /* TaskCreateViewController.swift in Sources */ = {isa = PBXBuildFile; fileRef = 386B31C6202B87EB00A02F5C /* TaskCreateViewController.swift */; };
/* End PBXBuildFile section */

/* Begin PBXFileReference section */
		386B31A7202B31E900A02F5C /* nano3.app */ = {isa = PBXFileReference; explicitFileType = wrapper.application; includeInIndex = 0; path = nano3.app; sourceTree = BUILT_PRODUCTS_DIR; };
		386B31AA202B31E900A02F5C /* AppDelegate.swift */ = {isa = PBXFileReference; lastKnownFileType = sourcecode.swift; path = AppDelegate.swift; sourceTree = "<group>"; };
		386B31AC202B31E900A02F5C /* ViewController.swift */ = {isa = PBXFileReference; lastKnownFileType = sourcecode.swift; path = ViewController.swift; sourceTree = "<group>"; };
		386B31AF202B31E900A02F5C /* Base */ = {isa = PBXFileReference; lastKnownFileType = file.storyboard; name = Base; path = Base.lproj/Main.storyboard; sourceTree = "<group>"; };
		386B31B1202B31E900A02F5C /* Assets.xcassets */ = {isa = PBXFileReference; lastKnownFileType = folder.assetcatalog; path = Assets.xcassets; sourceTree = "<group>"; };
		386B31B4202B31E900A02F5C /* Base */ = {isa = PBXFileReference; lastKnownFileType = file.storyboard; name = Base; path = Base.lproj/LaunchScreen.storyboard; sourceTree = "<group>"; };
		386B31B6202B31E900A02F5C /* Info.plist */ = {isa = PBXFileReference; lastKnownFileType = text.plist.xml; path = Info.plist; sourceTree = "<group>"; };
		386B31BC202B56A200A02F5C /* TableViewController.swift */ = {isa = PBXFileReference; lastKnownFileType = sourcecode.swift; path = TableViewController.swift; sourceTree = "<group>"; };
		386B31BE202B574D00A02F5C /* TaskTableViewCell.swift */ = {isa = PBXFileReference; lastKnownFileType = sourcecode.swift; path = TaskTableViewCell.swift; sourceTree = "<group>"; };
		386B31C2202B84A500A02F5C /* DataModel.swift */ = {isa = PBXFileReference; lastKnownFileType = sourcecode.swift; path = DataModel.swift; sourceTree = "<group>"; };
		386B31C4202B855F00A02F5C /* TaskRegister.swift */ = {isa = PBXFileReference; lastKnownFileType = sourcecode.swift; path = TaskRegister.swift; sourceTree = "<group>"; };
		386B31C6202B87EB00A02F5C /* TaskCreateViewController.swift */ = {isa = PBXFileReference; lastKnownFileType = sourcecode.swift; path = TaskCreateViewController.swift; sourceTree = "<group>"; };
/* End PBXFileReference section */

/* Begin PBXFrameworksBuildPhase section */
		386B31A4202B31E900A02F5C /* Frameworks */ = {
			isa = PBXFrameworksBuildPhase;
			buildActionMask = 2147483647;
			files = (
			);
			runOnlyForDeploymentPostprocessing = 0;
		};
/* End PBXFrameworksBuildPhase section */

/* Begin PBXGroup section */
		386B319E202B31E900A02F5C = {
			isa = PBXGroup;
			children = (
				386B31A9202B31E900A02F5C /* nano3 */,
				386B31A8202B31E900A02F5C /* Products */,
			);
			sourceTree = "<group>";
		};
		386B31A8202B31E900A02F5C /* Products */ = {
			isa = PBXGroup;
			children = (
				386B31A7202B31E900A02F5C /* nano3.app */,
			);
			name = Products;
			sourceTree = "<group>";
		};
		386B31A9202B31E900A02F5C /* nano3 */ = {
			isa = PBXGroup;
			children = (
				386B31AA202B31E900A02F5C /* AppDelegate.swift */,
				386B31B1202B31E900A02F5C /* Assets.xcassets */,
				386B31B6202B31E900A02F5C /* Info.plist */,
				389AA32F202C6C680061EE92 /* Model */,
				389AA330202C6C700061EE92 /* View */,
				389AA331202C6C750061EE92 /* Controller */,
			);
			path = nano3;
			sourceTree = "<group>";
		};
		389AA32F202C6C680061EE92 /* Model */ = {
			isa = PBXGroup;
			children = (
				386B31C2202B84A500A02F5C /* DataModel.swift */,
				386B31C4202B855F00A02F5C /* TaskRegister.swift */,
			);
			path = Model;
			sourceTree = "<group>";
		};
		389AA330202C6C700061EE92 /* View */ = {
			isa = PBXGroup;
			children = (
				386B31AC202B31E900A02F5C /* ViewController.swift */,
				386B31AE202B31E900A02F5C /* Main.storyboard */,
				386B31B3202B31E900A02F5C /* LaunchScreen.storyboard */,
			);
			path = View;
			sourceTree = "<group>";
		};
		389AA331202C6C750061EE92 /* Controller */ = {
			isa = PBXGroup;
			children = (
				386B31BC202B56A200A02F5C /* TableViewController.swift */,
				386B31BE202B574D00A02F5C /* TaskTableViewCell.swift */,
				386B31C6202B87EB00A02F5C /* TaskCreateViewController.swift */,
			);
			path = Controller;
			sourceTree = "<group>";
		};
/* End PBXGroup section */

/* Begin PBXNativeTarget section */
		386B31A6202B31E900A02F5C /* nano3 */ = {
			isa = PBXNativeTarget;
			buildConfigurationList = 386B31B9202B31E900A02F5C /* Build configuration list for PBXNativeTarget "nano3" */;
			buildPhases = (
				386B31A3202B31E900A02F5C /* Sources */,
				386B31A4202B31E900A02F5C /* Frameworks */,
				386B31A5202B31E900A02F5C /* Resources */,
			);
			buildRules = (
			);
			dependencies = (
			);
			name = nano3;
			productName = nano3;
			productReference = 386B31A7202B31E900A02F5C /* nano3.app */;
			productType = "com.apple.product-type.application";
		};
/* End PBXNativeTarget section */

/* Begin PBXProject section */
		386B319F202B31E900A02F5C /* Project object */ = {
			isa = PBXProject;
			attributes = {
				KnownAssetTags = (
					taskCell,
				);
				LastSwiftUpdateCheck = 0920;
				LastUpgradeCheck = 0920;
				ORGANIZATIONNAME = "Rafael Zabotini";
				TargetAttributes = {
					386B31A6202B31E900A02F5C = {
						CreatedOnToolsVersion = 9.2;
						ProvisioningStyle = Automatic;
					};
				};
			};
			buildConfigurationList = 386B31A2202B31E900A02F5C /* Build configuration list for PBXProject "nano3" */;
			compatibilityVersion = "Xcode 8.0";
			developmentRegion = en;
			hasScannedForEncodings = 0;
			knownRegions = (
				en,
				Base,
			);
			mainGroup = 386B319E202B31E900A02F5C;
			productRefGroup = 386B31A8202B31E900A02F5C /* Products */;
			projectDirPath = "";
			projectRoot = "";
			targets = (
				386B31A6202B31E900A02F5C /* nano3 */,
			);
		};
/* End PBXProject section */

/* Begin PBXResourcesBuildPhase section */
		386B31A5202B31E900A02F5C /* Resources */ = {
			isa = PBXResourcesBuildPhase;
			buildActionMask = 2147483647;
			files = (
				386B31B5202B31E900A02F5C /* LaunchScreen.storyboard in Resources */,
				386B31B2202B31E900A02F5C /* Assets.xcassets in Resources */,
				386B31B0202B31E900A02F5C /* Main.storyboard in Resources */,
			);
			runOnlyForDeploymentPostprocessing = 0;
		};
/* End PBXResourcesBuildPhase section */

/* Begin PBXSourcesBuildPhase section */
		386B31A3202B31E900A02F5C /* Sources */ = {
			isa = PBXSourcesBuildPhase;
			buildActionMask = 2147483647;
			files = (
				386B31C3202B84A500A02F5C /* DataModel.swift in Sources */,
				386B31C5202B855F00A02F5C /* TaskRegister.swift in Sources */,
				386B31BF202B574D00A02F5C /* TaskTableViewCell.swift in Sources */,
				386B31C7202B87EB00A02F5C /* TaskCreateViewController.swift in Sources */,
				386B31AD202B31E900A02F5C /* ViewController.swift in Sources */,
				386B31BD202B56A200A02F5C /* TableViewController.swift in Sources */,
				386B31AB202B31E900A02F5C /* AppDelegate.swift in Sources */,
			);
			runOnlyForDeploymentPostprocessing = 0;
		};
/* End PBXSourcesBuildPhase section */

/* Begin PBXVariantGroup section */
		386B31AE202B31E900A02F5C /* Main.storyboard */ = {
			isa = PBXVariantGroup;
			children = (
				386B31AF202B31E900A02F5C /* Base */,
			);
			name = Main.storyboard;
			sourceTree = "<group>";
		};
		386B31B3202B31E900A02F5C /* LaunchScreen.storyboard */ = {
			isa = PBXVariantGroup;
			children = (
				386B31B4202B31E900A02F5C /* Base */,
			);
			name = LaunchScreen.storyboard;
			sourceTree = "<group>";
		};
/* End PBXVariantGroup section */

/* Begin XCBuildConfiguration section */
		386B31B7202B31E900A02F5C /* Debug */ = {
			isa = XCBuildConfiguration;
			buildSettings = {
				ALWAYS_SEARCH_USER_PATHS = NO;
				CLANG_ANALYZER_NONNULL = YES;
				CLANG_ANALYZER_NUMBER_OBJECT_CONVERSION = YES_AGGRESSIVE;
				CLANG_CXX_LANGUAGE_STANDARD = "gnu++14";
				CLANG_CXX_LIBRARY = "libc++";
				CLANG_ENABLE_MODULES = YES;
				CLANG_ENABLE_OBJC_ARC = YES;
				CLANG_WARN_BLOCK_CAPTURE_AUTORELEASING = YES;
				CLANG_WARN_BOOL_CONVERSION = YES;
				CLANG_WARN_COMMA = YES;
				CLANG_WARN_CONSTANT_CONVERSION = YES;
				CLANG_WARN_DIRECT_OBJC_ISA_USAGE = YES_ERROR;
				CLANG_WARN_DOCUMENTATION_COMMENTS = YES;
				CLANG_WARN_EMPTY_BODY = YES;
				CLANG_WARN_ENUM_CONVERSION = YES;
				CLANG_WARN_INFINITE_RECURSION = YES;
				CLANG_WARN_INT_CONVERSION = YES;
				CLANG_WARN_NON_LITERAL_NULL_CONVERSION = YES;
				CLANG_WARN_OBJC_LITERAL_CONVERSION = YES;
				CLANG_WARN_OBJC_ROOT_CLASS = YES_ERROR;
				CLANG_WARN_RANGE_LOOP_ANALYSIS = YES;
				CLANG_WARN_STRICT_PROTOTYPES = YES;
				CLANG_WARN_SUSPICIOUS_MOVE = YES;
				CLANG_WARN_UNGUARDED_AVAILABILITY = YES_AGGRESSIVE;
				CLANG_WARN_UNREACHABLE_CODE = YES;
				CLANG_WARN__DUPLICATE_METHOD_MATCH = YES;
				CODE_SIGN_IDENTITY = "iPhone Developer";
				COPY_PHASE_STRIP = NO;
				DEBUG_INFORMATION_FORMAT = dwarf;
				ENABLE_STRICT_OBJC_MSGSEND = YES;
				ENABLE_TESTABILITY = YES;
				GCC_C_LANGUAGE_STANDARD = gnu11;
				GCC_DYNAMIC_NO_PIC = NO;
				GCC_NO_COMMON_BLOCKS = YES;
				GCC_OPTIMIZATION_LEVEL = 0;
				GCC_PREPROCESSOR_DEFINITIONS = (
					"DEBUG=1",
					"$(inherited)",
				);
				GCC_WARN_64_TO_32_BIT_CONVERSION = YES;
				GCC_WARN_ABOUT_RETURN_TYPE = YES_ERROR;
				GCC_WARN_UNDECLARED_SELECTOR = YES;
				GCC_WARN_UNINITIALIZED_AUTOS = YES_AGGRESSIVE;
				GCC_WARN_UNUSED_FUNCTION = YES;
				GCC_WARN_UNUSED_VARIABLE = YES;
				IPHONEOS_DEPLOYMENT_TARGET = 11.2;
				MTL_ENABLE_DEBUG_INFO = YES;
				ONLY_ACTIVE_ARCH = YES;
				SDKROOT = iphoneos;
				SWIFT_ACTIVE_COMPILATION_CONDITIONS = DEBUG;
				SWIFT_OPTIMIZATION_LEVEL = "-Onone";
			};
			name = Debug;
		};
		386B31B8202B31E900A02F5C /* Release */ = {
			isa = XCBuildConfiguration;
			buildSettings = {
				ALWAYS_SEARCH_USER_PATHS = NO;
				CLANG_ANALYZER_NONNULL = YES;
				CLANG_ANALYZER_NUMBER_OBJECT_CONVERSION = YES_AGGRESSIVE;
				CLANG_CXX_LANGUAGE_STANDARD = "gnu++14";
				CLANG_CXX_LIBRARY = "libc++";
				CLANG_ENABLE_MODULES = YES;
				CLANG_ENABLE_OBJC_ARC = YES;
				CLANG_WARN_BLOCK_CAPTURE_AUTORELEASING = YES;
				CLANG_WARN_BOOL_CONVERSION = YES;
				CLANG_WARN_COMMA = YES;
				CLANG_WARN_CONSTANT_CONVERSION = YES;
				CLANG_WARN_DIRECT_OBJC_ISA_USAGE = YES_ERROR;
				CLANG_WARN_DOCUMENTATION_COMMENTS = YES;
				CLANG_WARN_EMPTY_BODY = YES;
				CLANG_WARN_ENUM_CONVERSION = YES;
				CLANG_WARN_INFINITE_RECURSION = YES;
				CLANG_WARN_INT_CONVERSION = YES;
				CLANG_WARN_NON_LITERAL_NULL_CONVERSION = YES;
				CLANG_WARN_OBJC_LITERAL_CONVERSION = YES;
				CLANG_WARN_OBJC_ROOT_CLASS = YES_ERROR;
				CLANG_WARN_RANGE_LOOP_ANALYSIS = YES;
				CLANG_WARN_STRICT_PROTOTYPES = YES;
				CLANG_WARN_SUSPICIOUS_MOVE = YES;
				CLANG_WARN_UNGUARDED_AVAILABILITY = YES_AGGRESSIVE;
				CLANG_WARN_UNREACHABLE_CODE = YES;
				CLANG_WARN__DUPLICATE_METHOD_MATCH = YES;
				CODE_SIGN_IDENTITY = "iPhone Developer";
				COPY_PHASE_STRIP = NO;
				DEBUG_INFORMATION_FORMAT = "dwarf-with-dsym";
				ENABLE_NS_ASSERTIONS = NO;
				ENABLE_STRICT_OBJC_MSGSEND = YES;
				GCC_C_LANGUAGE_STANDARD = gnu11;
				GCC_NO_COMMON_BLOCKS = YES;
				GCC_WARN_64_TO_32_BIT_CONVERSION = YES;
				GCC_WARN_ABOUT_RETURN_TYPE = YES_ERROR;
				GCC_WARN_UNDECLARED_SELECTOR = YES;
				GCC_WARN_UNINITIALIZED_AUTOS = YES_AGGRESSIVE;
				GCC_WARN_UNUSED_FUNCTION = YES;
				GCC_WARN_UNUSED_VARIABLE = YES;
				IPHONEOS_DEPLOYMENT_TARGET = 11.2;
				MTL_ENABLE_DEBUG_INFO = NO;
				SDKROOT = iphoneos;
				SWIFT_OPTIMIZATION_LEVEL = "-Owholemodule";
				VALIDATE_PRODUCT = YES;
			};
			name = Release;
		};
		386B31BA202B31E900A02F5C /* Debug */ = {
			isa = XCBuildConfiguration;
			buildSettings = {
				ASSETCATALOG_COMPILER_APPICON_NAME = AppIcon;
				CODE_SIGN_STYLE = Automatic;
				DEVELOPMENT_TEAM = D23V42T4PL;
				INFOPLIST_FILE = nano3/Info.plist;
				IPHONEOS_DEPLOYMENT_TARGET = 10.0;
				LD_RUNPATH_SEARCH_PATHS = "$(inherited) @executable_path/Frameworks";
				PRODUCT_BUNDLE_IDENTIFIER = ada.zabotini.nano3;
				PRODUCT_NAME = "$(TARGET_NAME)";
				SWIFT_VERSION = 4.0;
				TARGETED_DEVICE_FAMILY = 1;
			};
			name = Debug;
		};
		386B31BB202B31E900A02F5C /* Release */ = {
			isa = XCBuildConfiguration;
			buildSettings = {
				ASSETCATALOG_COMPILER_APPICON_NAME = AppIcon;
				CODE_SIGN_STYLE = Automatic;
				DEVELOPMENT_TEAM = D23V42T4PL;
				INFOPLIST_FILE = nano3/Info.plist;
				IPHONEOS_DEPLOYMENT_TARGET = 10.0;
				LD_RUNPATH_SEARCH_PATHS = "$(inherited) @executable_path/Frameworks";
				PRODUCT_BUNDLE_IDENTIFIER = ada.zabotini.nano3;
				PRODUCT_NAME = "$(TARGET_NAME)";
				SWIFT_VERSION = 4.0;
				TARGETED_DEVICE_FAMILY = 1;
			};
			name = Release;
		};
/* End XCBuildConfiguration section */

/* Begin XCConfigurationList section */
		386B31A2202B31E900A02F5C /* Build configuration list for PBXProject "nano3" */ = {
			isa = XCConfigurationList;
			buildConfigurations = (
				386B31B7202B31E900A02F5C /* Debug */,
				386B31B8202B31E900A02F5C /* Release */,
			);
			defaultConfigurationIsVisible = 0;
			defaultConfigurationName = Release;
		};
		386B31B9202B31E900A02F5C /* Build configuration list for PBXNativeTarget "nano3" */ = {
			isa = XCConfigurationList;
			buildConfigurations = (
				386B31BA202B31E900A02F5C /* Debug */,
				386B31BB202B31E900A02F5C /* Release */,
			);
			defaultConfigurationIsVisible = 0;
			defaultConfigurationName = Release;
		};
/* End XCConfigurationList section */
	};
	rootObject = 386B319F202B31E900A02F5C /* Project object */;
}
